
Microsoft Visual Studio Solution File, Format Version 12.00
# Visual Studio Version 16
VisualStudioVersion = 16.0.36227.6
MinimumVisualStudioVersion = 10.0.40219.1
Project("{FAE04EC0-301F-11D3-BF4B-00C04F79EFBC}") = "RepositoryPatternPractice", "RepositoryPatternPractice\RepositoryPatternPractice.csproj", "{2FBDEE2C-E31E-41B5-BAFB-4911F154B8B2}"
EndProject
Global
	GlobalSection(SolutionConfigurationPlatforms) = preSolution
		Debug|Any CPU = Debug|Any CPU
		Release|Any CPU = Release|Any CPU
	EndGlobalSection
	GlobalSection(ProjectConfigurationPlatforms) = postSolution
		{2FBDEE2C-E31E-41B5-BAFB-4911F154B8B2}.Debug|Any CPU.ActiveCfg = Debug|Any CPU
		{2FBDEE2C-E31E-41B5-BAFB-4911F154B8B2}.Debug|Any CPU.Build.0 = Debug|Any CPU
		{2FBDEE2C-E31E-41B5-BAFB-4911F154B8B2}.Release|Any CPU.ActiveCfg = Release|Any CPU
		{2FBDEE2C-E31E-41B5-BAFB-4911F154B8B2}.Release|Any CPU.Build.0 = Release|Any CPU
	EndGlobalSection
	GlobalSection(SolutionProperties) = preSolution
		HideSolutionNode = FALSE
	EndGlobalSection
	GlobalSection(ExtensibilityGlobals) = postSolution
		SolutionGuid = {D7F90F2D-6881-472C-882B-9BB41E59E52E}
	EndGlobalSection
EndGlobal
